// !$*UTF8*$!
{
	archiveVersion = 1;
	classes = {
	};
	objectVersion = 50;
	objects = {

/* Begin PBXBuildFile section */
		3218BAD12501834D001F75FC /* AppDelegate.swift in Sources */ = {isa = PBXBuildFile; fileRef = 3218BAD02501834D001F75FC /* AppDelegate.swift */; };
		3218BAD32501834D001F75FC /* SceneDelegate.swift in Sources */ = {isa = PBXBuildFile; fileRef = 3218BAD22501834D001F75FC /* SceneDelegate.swift */; };
		3218BAD82501834D001F75FC /* Main.storyboard in Resources */ = {isa = PBXBuildFile; fileRef = 3218BAD62501834D001F75FC /* Main.storyboard */; };
		3218BADA25018350001F75FC /* Assets.xcassets in Resources */ = {isa = PBXBuildFile; fileRef = 3218BAD925018350001F75FC /* Assets.xcassets */; };
		3218BADD25018350001F75FC /* LaunchScreen.storyboard in Resources */ = {isa = PBXBuildFile; fileRef = 3218BADB25018350001F75FC /* LaunchScreen.storyboard */; };
		3218BAE825018350001F75FC /* BreakingBadTests.swift in Sources */ = {isa = PBXBuildFile; fileRef = 3218BAE725018350001F75FC /* BreakingBadTests.swift */; };
		3218BB0525018421001F75FC /* Character.swift in Sources */ = {isa = PBXBuildFile; fileRef = 3218BB0425018421001F75FC /* Character.swift */; };
		3218BB072501842B001F75FC /* CharacterListViewModel.swift in Sources */ = {isa = PBXBuildFile; fileRef = 3218BB062501842B001F75FC /* CharacterListViewModel.swift */; };
		3218BB0925018438001F75FC /* CharacterListViewController.swift in Sources */ = {isa = PBXBuildFile; fileRef = 3218BB0825018438001F75FC /* CharacterListViewController.swift */; };
		3218BB0B25018500001F75FC /* NetworkManager.swift in Sources */ = {isa = PBXBuildFile; fileRef = 3218BB0A25018500001F75FC /* NetworkManager.swift */; };
		3218BB0D25018F9B001F75FC /* Endpoint.swift in Sources */ = {isa = PBXBuildFile; fileRef = 3218BB0C25018F9B001F75FC /* Endpoint.swift */; };
		3242284B2505757A00ECB609 /* CharacterDetailsViewController.swift in Sources */ = {isa = PBXBuildFile; fileRef = 3242284A2505757A00ECB609 /* CharacterDetailsViewController.swift */; };
		3276E34C2509658E0022412D /* Constants.swift in Sources */ = {isa = PBXBuildFile; fileRef = 3276E34B2509658E0022412D /* Constants.swift */; };
/* End PBXBuildFile section */

/* Begin PBXContainerItemProxy section */
		3218BAE425018350001F75FC /* PBXContainerItemProxy */ = {
			isa = PBXContainerItemProxy;
			containerPortal = 3218BAC52501834D001F75FC /* Project object */;
			proxyType = 1;
			remoteGlobalIDString = 3218BACC2501834D001F75FC;
			remoteInfo = BreakingBad;
		};
/* End PBXContainerItemProxy section */

/* Begin PBXFileReference section */
		3218BACD2501834D001F75FC /* BreakingBad.app */ = {isa = PBXFileReference; explicitFileType = wrapper.application; includeInIndex = 0; path = BreakingBad.app; sourceTree = BUILT_PRODUCTS_DIR; };
		3218BAD02501834D001F75FC /* AppDelegate.swift */ = {isa = PBXFileReference; lastKnownFileType = sourcecode.swift; path = AppDelegate.swift; sourceTree = "<group>"; };
		3218BAD22501834D001F75FC /* SceneDelegate.swift */ = {isa = PBXFileReference; lastKnownFileType = sourcecode.swift; path = SceneDelegate.swift; sourceTree = "<group>"; };
		3218BAD72501834D001F75FC /* Base */ = {isa = PBXFileReference; lastKnownFileType = file.storyboard; name = Base; path = Base.lproj/Main.storyboard; sourceTree = "<group>"; };
		3218BAD925018350001F75FC /* Assets.xcassets */ = {isa = PBXFileReference; lastKnownFileType = folder.assetcatalog; path = Assets.xcassets; sourceTree = "<group>"; };
		3218BADC25018350001F75FC /* Base */ = {isa = PBXFileReference; lastKnownFileType = file.storyboard; name = Base; path = Base.lproj/LaunchScreen.storyboard; sourceTree = "<group>"; };
		3218BADE25018350001F75FC /* Info.plist */ = {isa = PBXFileReference; lastKnownFileType = text.plist.xml; path = Info.plist; sourceTree = "<group>"; };
		3218BAE325018350001F75FC /* BreakingBadTests.xctest */ = {isa = PBXFileReference; explicitFileType = wrapper.cfbundle; includeInIndex = 0; path = BreakingBadTests.xctest; sourceTree = BUILT_PRODUCTS_DIR; };
		3218BAE725018350001F75FC /* BreakingBadTests.swift */ = {isa = PBXFileReference; lastKnownFileType = sourcecode.swift; path = BreakingBadTests.swift; sourceTree = "<group>"; };
		3218BAE925018350001F75FC /* Info.plist */ = {isa = PBXFileReference; lastKnownFileType = text.plist.xml; path = Info.plist; sourceTree = "<group>"; };
		3218BB0425018421001F75FC /* Character.swift */ = {isa = PBXFileReference; fileEncoding = 4; lastKnownFileType = sourcecode.swift; path = Character.swift; sourceTree = "<group>"; };
		3218BB062501842B001F75FC /* CharacterListViewModel.swift */ = {isa = PBXFileReference; fileEncoding = 4; lastKnownFileType = sourcecode.swift; path = CharacterListViewModel.swift; sourceTree = "<group>"; };
		3218BB0825018438001F75FC /* CharacterListViewController.swift */ = {isa = PBXFileReference; fileEncoding = 4; lastKnownFileType = sourcecode.swift; path = CharacterListViewController.swift; sourceTree = "<group>"; };
		3218BB0A25018500001F75FC /* NetworkManager.swift */ = {isa = PBXFileReference; lastKnownFileType = sourcecode.swift; path = NetworkManager.swift; sourceTree = "<group>"; };
		3218BB0C25018F9B001F75FC /* Endpoint.swift */ = {isa = PBXFileReference; lastKnownFileType = sourcecode.swift; path = Endpoint.swift; sourceTree = "<group>"; };
		3242284A2505757A00ECB609 /* CharacterDetailsViewController.swift */ = {isa = PBXFileReference; lastKnownFileType = sourcecode.swift; path = CharacterDetailsViewController.swift; sourceTree = "<group>"; };
		3276E34B2509658E0022412D /* Constants.swift */ = {isa = PBXFileReference; lastKnownFileType = sourcecode.swift; path = Constants.swift; sourceTree = "<group>"; };
/* End PBXFileReference section */

/* Begin PBXFrameworksBuildPhase section */
		3218BACA2501834D001F75FC /* Frameworks */ = {
			isa = PBXFrameworksBuildPhase;
			buildActionMask = 2147483647;
			files = (
			);
			runOnlyForDeploymentPostprocessing = 0;
		};
		3218BAE025018350001F75FC /* Frameworks */ = {
			isa = PBXFrameworksBuildPhase;
			buildActionMask = 2147483647;
			files = (
			);
			runOnlyForDeploymentPostprocessing = 0;
		};
/* End PBXFrameworksBuildPhase section */

/* Begin PBXGroup section */
		3218BAC42501834D001F75FC = {
			isa = PBXGroup;
			children = (
				3218BACF2501834D001F75FC /* BreakingBad */,
				3218BAE625018350001F75FC /* BreakingBadTests */,
				3218BACE2501834D001F75FC /* Products */,
			);
			sourceTree = "<group>";
		};
		3218BACE2501834D001F75FC /* Products */ = {
			isa = PBXGroup;
			children = (
				3218BACD2501834D001F75FC /* BreakingBad.app */,
				3218BAE325018350001F75FC /* BreakingBadTests.xctest */,
			);
			name = Products;
			sourceTree = "<group>";
		};
		3218BACF2501834D001F75FC /* BreakingBad */ = {
			isa = PBXGroup;
			children = (
				3218BB002501836D001F75FC /* Network */,
				3218BB0125018376001F75FC /* Model */,
				3218BB022501837B001F75FC /* ViewModel */,
				3218BB0325018390001F75FC /* View */,
				3276E34B2509658E0022412D /* Constants.swift */,
				3218BAD02501834D001F75FC /* AppDelegate.swift */,
				3218BAD22501834D001F75FC /* SceneDelegate.swift */,
				3218BAD925018350001F75FC /* Assets.xcassets */,
				3218BADE25018350001F75FC /* Info.plist */,
			);
			path = BreakingBad;
			sourceTree = "<group>";
		};
		3218BAE625018350001F75FC /* BreakingBadTests */ = {
			isa = PBXGroup;
			children = (
				3218BAE725018350001F75FC /* BreakingBadTests.swift */,
				3218BAE925018350001F75FC /* Info.plist */,
			);
			path = BreakingBadTests;
			sourceTree = "<group>";
		};
		3218BB002501836D001F75FC /* Network */ = {
			isa = PBXGroup;
			children = (
				3218BB0A25018500001F75FC /* NetworkManager.swift */,
				3218BB0C25018F9B001F75FC /* Endpoint.swift */,
			);
			path = Network;
			sourceTree = "<group>";
		};
		3218BB0125018376001F75FC /* Model */ = {
			isa = PBXGroup;
			children = (
				3218BB0425018421001F75FC /* Character.swift */,
			);
			path = Model;
			sourceTree = "<group>";
		};
		3218BB022501837B001F75FC /* ViewModel */ = {
			isa = PBXGroup;
			children = (
				3218BB062501842B001F75FC /* CharacterListViewModel.swift */,
			);
			path = ViewModel;
			sourceTree = "<group>";
		};
		3218BB0325018390001F75FC /* View */ = {
			isa = PBXGroup;
			children = (
				32685211250825FE00E8ADBF /* CharacterDetails */,
				32685210250825F400E8ADBF /* CharacterList */,
				3218BADB25018350001F75FC /* LaunchScreen.storyboard */,
				3218BAD62501834D001F75FC /* Main.storyboard */,
			);
			path = View;
			sourceTree = "<group>";
		};
		32685210250825F400E8ADBF /* CharacterList */ = {
			isa = PBXGroup;
			children = (
				3218BB0825018438001F75FC /* CharacterListViewController.swift */,
			);
			path = CharacterList;
			sourceTree = "<group>";
		};
		32685211250825FE00E8ADBF /* CharacterDetails */ = {
			isa = PBXGroup;
			children = (
				3242284A2505757A00ECB609 /* CharacterDetailsViewController.swift */,
			);
			path = CharacterDetails;
			sourceTree = "<group>";
		};
/* End PBXGroup section */

/* Begin PBXNativeTarget section */
		3218BACC2501834D001F75FC /* BreakingBad */ = {
			isa = PBXNativeTarget;
			buildConfigurationList = 3218BAF725018350001F75FC /* Build configuration list for PBXNativeTarget "BreakingBad" */;
			buildPhases = (
				3218BAC92501834D001F75FC /* Sources */,
				3218BACA2501834D001F75FC /* Frameworks */,
				3218BACB2501834D001F75FC /* Resources */,
			);
			buildRules = (
			);
			dependencies = (
			);
			name = BreakingBad;
			packageProductDependencies = (
			);
			productName = BreakingBad;
			productReference = 3218BACD2501834D001F75FC /* BreakingBad.app */;
			productType = "com.apple.product-type.application";
		};
		3218BAE225018350001F75FC /* BreakingBadTests */ = {
			isa = PBXNativeTarget;
			buildConfigurationList = 3218BAFA25018350001F75FC /* Build configuration list for PBXNativeTarget "BreakingBadTests" */;
			buildPhases = (
				3218BADF25018350001F75FC /* Sources */,
				3218BAE025018350001F75FC /* Frameworks */,
				3218BAE125018350001F75FC /* Resources */,
			);
			buildRules = (
			);
			dependencies = (
				3218BAE525018350001F75FC /* PBXTargetDependency */,
			);
			name = BreakingBadTests;
			productName = BreakingBadTests;
			productReference = 3218BAE325018350001F75FC /* BreakingBadTests.xctest */;
			productType = "com.apple.product-type.bundle.unit-test";
		};
/* End PBXNativeTarget section */

/* Begin PBXProject section */
		3218BAC52501834D001F75FC /* Project object */ = {
			isa = PBXProject;
			attributes = {
				LastSwiftUpdateCheck = 1160;
				LastUpgradeCheck = 1160;
				ORGANIZATIONNAME = JQ;
				TargetAttributes = {
					3218BACC2501834D001F75FC = {
						CreatedOnToolsVersion = 11.6;
					};
					3218BAE225018350001F75FC = {
						CreatedOnToolsVersion = 11.6;
						TestTargetID = 3218BACC2501834D001F75FC;
					};
				};
			};
			buildConfigurationList = 3218BAC82501834D001F75FC /* Build configuration list for PBXProject "BreakingBad" */;
			compatibilityVersion = "Xcode 9.3";
			developmentRegion = en;
			hasScannedForEncodings = 0;
			knownRegions = (
				en,
				Base,
			);
			mainGroup = 3218BAC42501834D001F75FC;
			packageReferences = (
			);
			productRefGroup = 3218BACE2501834D001F75FC /* Products */;
			projectDirPath = "";
			projectRoot = "";
			targets = (
				3218BACC2501834D001F75FC /* BreakingBad */,
				3218BAE225018350001F75FC /* BreakingBadTests */,
			);
		};
/* End PBXProject section */

/* Begin PBXResourcesBuildPhase section */
		3218BACB2501834D001F75FC /* Resources */ = {
			isa = PBXResourcesBuildPhase;
			buildActionMask = 2147483647;
			files = (
				3218BADD25018350001F75FC /* LaunchScreen.storyboard in Resources */,
				3218BADA25018350001F75FC /* Assets.xcassets in Resources */,
				3218BAD82501834D001F75FC /* Main.storyboard in Resources */,
			);
			runOnlyForDeploymentPostprocessing = 0;
		};
		3218BAE125018350001F75FC /* Resources */ = {
			isa = PBXResourcesBuildPhase;
			buildActionMask = 2147483647;
			files = (
			);
			runOnlyForDeploymentPostprocessing = 0;
		};
/* End PBXResourcesBuildPhase section */

/* Begin PBXSourcesBuildPhase section */
		3218BAC92501834D001F75FC /* Sources */ = {
			isa = PBXSourcesBuildPhase;
			buildActionMask = 2147483647;
			files = (
				3276E34C2509658E0022412D /* Constants.swift in Sources */,
				3218BB0D25018F9B001F75FC /* Endpoint.swift in Sources */,
				3242284B2505757A00ECB609 /* CharacterDetailsViewController.swift in Sources */,
				3218BB072501842B001F75FC /* CharacterListViewModel.swift in Sources */,
				3218BB0525018421001F75FC /* Character.swift in Sources */,
				3218BB0925018438001F75FC /* CharacterListViewController.swift in Sources */,
				3218BAD12501834D001F75FC /* AppDelegate.swift in Sources */,
				3218BAD32501834D001F75FC /* SceneDelegate.swift in Sources */,
				3218BB0B25018500001F75FC /* NetworkManager.swift in Sources */,
			);
			runOnlyForDeploymentPostprocessing = 0;
		};
		3218BADF25018350001F75FC /* Sources */ = {
			isa = PBXSourcesBuildPhase;
			buildActionMask = 2147483647;
			files = (
				3218BAE825018350001F75FC /* BreakingBadTests.swift in Sources */,
			);
			runOnlyForDeploymentPostprocessing = 0;
		};
/* End PBXSourcesBuildPhase section */

/* Begin PBXTargetDependency section */
		3218BAE525018350001F75FC /* PBXTargetDependency */ = {
			isa = PBXTargetDependency;
			target = 3218BACC2501834D001F75FC /* BreakingBad */;
			targetProxy = 3218BAE425018350001F75FC /* PBXContainerItemProxy */;
		};
/* End PBXTargetDependency section */

/* Begin PBXVariantGroup section */
		3218BAD62501834D001F75FC /* Main.storyboard */ = {
			isa = PBXVariantGroup;
			children = (
				3218BAD72501834D001F75FC /* Base */,
			);
			name = Main.storyboard;
			sourceTree = "<group>";
		};
		3218BADB25018350001F75FC /* LaunchScreen.storyboard */ = {
			isa = PBXVariantGroup;
			children = (
				3218BADC25018350001F75FC /* Base */,
			);
			name = LaunchScreen.storyboard;
			sourceTree = "<group>";
		};
/* End PBXVariantGroup section */

/* Begin XCBuildConfiguration section */
		3218BAF525018350001F75FC /* Debug */ = {
			isa = XCBuildConfiguration;
			buildSettings = {
				ALWAYS_SEARCH_USER_PATHS = NO;
				CLANG_ANALYZER_NONNULL = YES;
				CLANG_ANALYZER_NUMBER_OBJECT_CONVERSION = YES_AGGRESSIVE;
				CLANG_CXX_LANGUAGE_STANDARD = "gnu++14";
				CLANG_CXX_LIBRARY = "libc++";
				CLANG_ENABLE_MODULES = YES;
				CLANG_ENABLE_OBJC_ARC = YES;
				CLANG_ENABLE_OBJC_WEAK = YES;
				CLANG_WARN_BLOCK_CAPTURE_AUTORELEASING = YES;
				CLANG_WARN_BOOL_CONVERSION = YES;
				CLANG_WARN_COMMA = YES;
				CLANG_WARN_CONSTANT_CONVERSION = YES;
				CLANG_WARN_DEPRECATED_OBJC_IMPLEMENTATIONS = YES;
				CLANG_WARN_DIRECT_OBJC_ISA_USAGE = YES_ERROR;
				CLANG_WARN_DOCUMENTATION_COMMENTS = YES;
				CLANG_WARN_EMPTY_BODY = YES;
				CLANG_WARN_ENUM_CONVERSION = YES;
				CLANG_WARN_INFINITE_RECURSION = YES;
				CLANG_WARN_INT_CONVERSION = YES;
				CLANG_WARN_NON_LITERAL_NULL_CONVERSION = YES;
				CLANG_WARN_OBJC_IMPLICIT_RETAIN_SELF = YES;
				CLANG_WARN_OBJC_LITERAL_CONVERSION = YES;
				CLANG_WARN_OBJC_ROOT_CLASS = YES_ERROR;
				CLANG_WARN_RANGE_LOOP_ANALYSIS = YES;
				CLANG_WARN_STRICT_PROTOTYPES = YES;
				CLANG_WARN_SUSPICIOUS_MOVE = YES;
				CLANG_WARN_UNGUARDED_AVAILABILITY = YES_AGGRESSIVE;
				CLANG_WARN_UNREACHABLE_CODE = YES;
				CLANG_WARN__DUPLICATE_METHOD_MATCH = YES;
				COPY_PHASE_STRIP = NO;
				DEBUG_INFORMATION_FORMAT = dwarf;
				ENABLE_STRICT_OBJC_MSGSEND = YES;
				ENABLE_TESTABILITY = YES;
				GCC_C_LANGUAGE_STANDARD = gnu11;
				GCC_DYNAMIC_NO_PIC = NO;
				GCC_NO_COMMON_BLOCKS = YES;
				GCC_OPTIMIZATION_LEVEL = 0;
				GCC_PREPROCESSOR_DEFINITIONS = (
					"DEBUG=1",
					"$(inherited)",
				);
				GCC_WARN_64_TO_32_BIT_CONVERSION = YES;
				GCC_WARN_ABOUT_RETURN_TYPE = YES_ERROR;
				GCC_WARN_UNDECLARED_SELECTOR = YES;
				GCC_WARN_UNINITIALIZED_AUTOS = YES_AGGRESSIVE;
				GCC_WARN_UNUSED_FUNCTION = YES;
				GCC_WARN_UNUSED_VARIABLE = YES;
				IPHONEOS_DEPLOYMENT_TARGET = 13.6;
				MTL_ENABLE_DEBUG_INFO = INCLUDE_SOURCE;
				MTL_FAST_MATH = YES;
				ONLY_ACTIVE_ARCH = YES;
				SDKROOT = iphoneos;
				SWIFT_ACTIVE_COMPILATION_CONDITIONS = DEBUG;
				SWIFT_OPTIMIZATION_LEVEL = "-Onone";
			};
			name = Debug;
		};
		3218BAF625018350001F75FC /* Release */ = {
			isa = XCBuildConfiguration;
			buildSettings = {
				ALWAYS_SEARCH_USER_PATHS = NO;
				CLANG_ANALYZER_NONNULL = YES;
				CLANG_ANALYZER_NUMBER_OBJECT_CONVERSION = YES_AGGRESSIVE;
				CLANG_CXX_LANGUAGE_STANDARD = "gnu++14";
				CLANG_CXX_LIBRARY = "libc++";
				CLANG_ENABLE_MODULES = YES;
				CLANG_ENABLE_OBJC_ARC = YES;
				CLANG_ENABLE_OBJC_WEAK = YES;
				CLANG_WARN_BLOCK_CAPTURE_AUTORELEASING = YES;
				CLANG_WARN_BOOL_CONVERSION = YES;
				CLANG_WARN_COMMA = YES;
				CLANG_WARN_CONSTANT_CONVERSION = YES;
				CLANG_WARN_DEPRECATED_OBJC_IMPLEMENTATIONS = YES;
				CLANG_WARN_DIRECT_OBJC_ISA_USAGE = YES_ERROR;
				CLANG_WARN_DOCUMENTATION_COMMENTS = YES;
				CLANG_WARN_EMPTY_BODY = YES;
				CLANG_WARN_ENUM_CONVERSION = YES;
				CLANG_WARN_INFINITE_RECURSION = YES;
				CLANG_WARN_INT_CONVERSION = YES;
				CLANG_WARN_NON_LITERAL_NULL_CONVERSION = YES;
				CLANG_WARN_OBJC_IMPLICIT_RETAIN_SELF = YES;
				CLANG_WARN_OBJC_LITERAL_CONVERSION = YES;
				CLANG_WARN_OBJC_ROOT_CLASS = YES_ERROR;
				CLANG_WARN_RANGE_LOOP_ANALYSIS = YES;
				CLANG_WARN_STRICT_PROTOTYPES = YES;
				CLANG_WARN_SUSPICIOUS_MOVE = YES;
				CLANG_WARN_UNGUARDED_AVAILABILITY = YES_AGGRESSIVE;
				CLANG_WARN_UNREACHABLE_CODE = YES;
				CLANG_WARN__DUPLICATE_METHOD_MATCH = YES;
				COPY_PHASE_STRIP = NO;
				DEBUG_INFORMATION_FORMAT = "dwarf-with-dsym";
				ENABLE_NS_ASSERTIONS = NO;
				ENABLE_STRICT_OBJC_MSGSEND = YES;
				GCC_C_LANGUAGE_STANDARD = gnu11;
				GCC_NO_COMMON_BLOCKS = YES;
				GCC_WARN_64_TO_32_BIT_CONVERSION = YES;
				GCC_WARN_ABOUT_RETURN_TYPE = YES_ERROR;
				GCC_WARN_UNDECLARED_SELECTOR = YES;
				GCC_WARN_UNINITIALIZED_AUTOS = YES_AGGRESSIVE;
				GCC_WARN_UNUSED_FUNCTION = YES;
				GCC_WARN_UNUSED_VARIABLE = YES;
				IPHONEOS_DEPLOYMENT_TARGET = 13.6;
				MTL_ENABLE_DEBUG_INFO = NO;
				MTL_FAST_MATH = YES;
				SDKROOT = iphoneos;
				SWIFT_COMPILATION_MODE = wholemodule;
				SWIFT_OPTIMIZATION_LEVEL = "-O";
				VALIDATE_PRODUCT = YES;
			};
			name = Release;
		};
		3218BAF825018350001F75FC /* Debug */ = {
			isa = XCBuildConfiguration;
			buildSettings = {
				ASSETCATALOG_COMPILER_APPICON_NAME = AppIcon;
				CODE_SIGN_STYLE = Automatic;
				INFOPLIST_FILE = BreakingBad/Info.plist;
				LD_RUNPATH_SEARCH_PATHS = (
					"$(inherited)",
					"@executable_path/Frameworks",
				);
				PRODUCT_BUNDLE_IDENTIFIER = com.JQ.BreakingBad;
				PRODUCT_NAME = "$(TARGET_NAME)";
				SWIFT_VERSION = 5.0;
				TARGETED_DEVICE_FAMILY = "1,2";
			};
			name = Debug;
		};
		3218BAF925018350001F75FC /* Release */ = {
			isa = XCBuildConfiguration;
			buildSettings = {
				ASSETCATALOG_COMPILER_APPICON_NAME = AppIcon;
				CODE_SIGN_STYLE = Automatic;
				INFOPLIST_FILE = BreakingBad/Info.plist;
				LD_RUNPATH_SEARCH_PATHS = (
					"$(inherited)",
					"@executable_path/Frameworks",
				);
				PRODUCT_BUNDLE_IDENTIFIER = com.JQ.BreakingBad;
				PRODUCT_NAME = "$(TARGET_NAME)";
				SWIFT_VERSION = 5.0;
				TARGETED_DEVICE_FAMILY = "1,2";
			};
			name = Release;
		};
		3218BAFB25018350001F75FC /* Debug */ = {
			isa = XCBuildConfiguration;
			buildSettings = {
				ALWAYS_EMBED_SWIFT_STANDARD_LIBRARIES = YES;
				BUNDLE_LOADER = "$(TEST_HOST)";
				CODE_SIGN_STYLE = Automatic;
				INFOPLIST_FILE = BreakingBadTests/Info.plist;
				IPHONEOS_DEPLOYMENT_TARGET = 13.6;
				LD_RUNPATH_SEARCH_PATHS = (
					"$(inherited)",
					"@executable_path/Frameworks",
					"@loader_path/Frameworks",
				);
				PRODUCT_BUNDLE_IDENTIFIER = com.JQ.BreakingBadTests;
				PRODUCT_NAME = "$(TARGET_NAME)";
				SWIFT_VERSION = 5.0;
				TARGETED_DEVICE_FAMILY = "1,2";
				TEST_HOST = "$(BUILT_PRODUCTS_DIR)/BreakingBad.app/BreakingBad";
			};
			name = Debug;
		};
		3218BAFC25018350001F75FC /* Release */ = {
			isa = XCBuildConfiguration;
			buildSettings = {
				ALWAYS_EMBED_SWIFT_STANDARD_LIBRARIES = YES;
				BUNDLE_LOADER = "$(TEST_HOST)";
				CODE_SIGN_STYLE = Automatic;
				INFOPLIST_FILE = BreakingBadTests/Info.plist;
				IPHONEOS_DEPLOYMENT_TARGET = 13.6;
				LD_RUNPATH_SEARCH_PATHS = (
					"$(inherited)",
					"@executable_path/Frameworks",
					"@loader_path/Frameworks",
				);
				PRODUCT_BUNDLE_IDENTIFIER = com.JQ.BreakingBadTests;
				PRODUCT_NAME = "$(TARGET_NAME)";
				SWIFT_VERSION = 5.0;
				TARGETED_DEVICE_FAMILY = "1,2";
				TEST_HOST = "$(BUILT_PRODUCTS_DIR)/BreakingBad.app/BreakingBad";
			};
			name = Release;
		};
/* End XCBuildConfiguration section */

/* Begin XCConfigurationList section */
		3218BAC82501834D001F75FC /* Build configuration list for PBXProject "BreakingBad" */ = {
			isa = XCConfigurationList;
			buildConfigurations = (
				3218BAF525018350001F75FC /* Debug */,
				3218BAF625018350001F75FC /* Release */,
			);
			defaultConfigurationIsVisible = 0;
			defaultConfigurationName = Release;
		};
		3218BAF725018350001F75FC /* Build configuration list for PBXNativeTarget "BreakingBad" */ = {
			isa = XCConfigurationList;
			buildConfigurations = (
				3218BAF825018350001F75FC /* Debug */,
				3218BAF925018350001F75FC /* Release */,
			);
			defaultConfigurationIsVisible = 0;
			defaultConfigurationName = Release;
		};
		3218BAFA25018350001F75FC /* Build configuration list for PBXNativeTarget "BreakingBadTests" */ = {
			isa = XCConfigurationList;
			buildConfigurations = (
				3218BAFB25018350001F75FC /* Debug */,
				3218BAFC25018350001F75FC /* Release */,
			);
			defaultConfigurationIsVisible = 0;
			defaultConfigurationName = Release;
		};
/* End XCConfigurationList section */
	};
	rootObject = 3218BAC52501834D001F75FC /* Project object */;
}
