// !$*UTF8*$!
{
	archiveVersion = 1;
	classes = {
	};
	objectVersion = 52;
	objects = {

/* Begin PBXBuildFile section */
		3218BADA25018350001F75FC /* Assets.xcassets in Resources */ = {isa = PBXBuildFile; fileRef = 3218BAD925018350001F75FC /* Assets.xcassets */; };
		3218BAE825018350001F75FC /* CharacterTests.swift in Sources */ = {isa = PBXBuildFile; fileRef = 3218BAE725018350001F75FC /* CharacterTests.swift */; };
		3218BB0525018421001F75FC /* Character.swift in Sources */ = {isa = PBXBuildFile; fileRef = 3218BB0425018421001F75FC /* Character.swift */; };
		3218BB072501842B001F75FC /* CharacterListViewModel.swift in Sources */ = {isa = PBXBuildFile; fileRef = 3218BB062501842B001F75FC /* CharacterListViewModel.swift */; };
		3218BB0B25018500001F75FC /* NetworkManager.swift in Sources */ = {isa = PBXBuildFile; fileRef = 3218BB0A25018500001F75FC /* NetworkManager.swift */; };
		3218BB0D25018F9B001F75FC /* Endpoint.swift in Sources */ = {isa = PBXBuildFile; fileRef = 3218BB0C25018F9B001F75FC /* Endpoint.swift */; };
		3276E34C2509658E0022412D /* Constants.swift in Sources */ = {isa = PBXBuildFile; fileRef = 3276E34B2509658E0022412D /* Constants.swift */; };
		32C7669A250FD6A5001D7277 /* AllCharacters.json in Resources */ = {isa = PBXBuildFile; fileRef = 32C76699250FD6A5001D7277 /* AllCharacters.json */; };
		32C7669C250FDD16001D7277 /* CharacterListViewModelTests.swift in Sources */ = {isa = PBXBuildFile; fileRef = 32C7669B250FDD16001D7277 /* CharacterListViewModelTests.swift */; };
		63CE85292534D87900FCAD94 /* PreviewData.swift in Sources */ = {isa = PBXBuildFile; fileRef = 63CE85282534D87900FCAD94 /* PreviewData.swift */; };
		63CE852E2534DED800FCAD94 /* SDWebImageSwiftUI in Frameworks */ = {isa = PBXBuildFile; productRef = 63CE852D2534DED800FCAD94 /* SDWebImageSwiftUI */; };
		63D773852533A5360070A0A0 /* BreakingBadApp.swift in Sources */ = {isa = PBXBuildFile; fileRef = 63D773842533A5360070A0A0 /* BreakingBadApp.swift */; };
		63D7739E2533A90D0070A0A0 /* LaunchScreen.storyboard in Resources */ = {isa = PBXBuildFile; fileRef = 63D7739C2533A90D0070A0A0 /* LaunchScreen.storyboard */; };
		63E8E06E2530E75900154BF9 /* ContentView.swift in Sources */ = {isa = PBXBuildFile; fileRef = 63E8E06D2530E75900154BF9 /* ContentView.swift */; };
/* End PBXBuildFile section */

/* Begin PBXContainerItemProxy section */
		3218BAE425018350001F75FC /* PBXContainerItemProxy */ = {
			isa = PBXContainerItemProxy;
			containerPortal = 3218BAC52501834D001F75FC /* Project object */;
			proxyType = 1;
			remoteGlobalIDString = 3218BACC2501834D001F75FC;
			remoteInfo = BreakingBad;
		};
/* End PBXContainerItemProxy section */

/* Begin PBXFileReference section */
		3218BACD2501834D001F75FC /* BreakingBad.app */ = {isa = PBXFileReference; explicitFileType = wrapper.application; includeInIndex = 0; path = BreakingBad.app; sourceTree = BUILT_PRODUCTS_DIR; };
		3218BAD925018350001F75FC /* Assets.xcassets */ = {isa = PBXFileReference; lastKnownFileType = folder.assetcatalog; path = Assets.xcassets; sourceTree = "<group>"; };
		3218BADE25018350001F75FC /* Info.plist */ = {isa = PBXFileReference; lastKnownFileType = text.plist.xml; path = Info.plist; sourceTree = "<group>"; };
		3218BAE325018350001F75FC /* BreakingBadTests.xctest */ = {isa = PBXFileReference; explicitFileType = wrapper.cfbundle; includeInIndex = 0; path = BreakingBadTests.xctest; sourceTree = BUILT_PRODUCTS_DIR; };
		3218BAE725018350001F75FC /* CharacterTests.swift */ = {isa = PBXFileReference; lastKnownFileType = sourcecode.swift; path = CharacterTests.swift; sourceTree = "<group>"; };
		3218BAE925018350001F75FC /* Info.plist */ = {isa = PBXFileReference; lastKnownFileType = text.plist.xml; path = Info.plist; sourceTree = "<group>"; };
		3218BB0425018421001F75FC /* Character.swift */ = {isa = PBXFileReference; fileEncoding = 4; lastKnownFileType = sourcecode.swift; path = Character.swift; sourceTree = "<group>"; };
		3218BB062501842B001F75FC /* CharacterListViewModel.swift */ = {isa = PBXFileReference; fileEncoding = 4; lastKnownFileType = sourcecode.swift; path = CharacterListViewModel.swift; sourceTree = "<group>"; };
		3218BB0A25018500001F75FC /* NetworkManager.swift */ = {isa = PBXFileReference; lastKnownFileType = sourcecode.swift; path = NetworkManager.swift; sourceTree = "<group>"; };
		3218BB0C25018F9B001F75FC /* Endpoint.swift */ = {isa = PBXFileReference; lastKnownFileType = sourcecode.swift; path = Endpoint.swift; sourceTree = "<group>"; };
		3276E34B2509658E0022412D /* Constants.swift */ = {isa = PBXFileReference; lastKnownFileType = sourcecode.swift; path = Constants.swift; sourceTree = "<group>"; };
		32C76699250FD6A5001D7277 /* AllCharacters.json */ = {isa = PBXFileReference; lastKnownFileType = text.json; path = AllCharacters.json; sourceTree = "<group>"; };
		32C7669B250FDD16001D7277 /* CharacterListViewModelTests.swift */ = {isa = PBXFileReference; lastKnownFileType = sourcecode.swift; path = CharacterListViewModelTests.swift; sourceTree = "<group>"; };
		63CE85282534D87900FCAD94 /* PreviewData.swift */ = {isa = PBXFileReference; lastKnownFileType = sourcecode.swift; path = PreviewData.swift; sourceTree = "<group>"; };
		63D773842533A5360070A0A0 /* BreakingBadApp.swift */ = {isa = PBXFileReference; lastKnownFileType = sourcecode.swift; path = BreakingBadApp.swift; sourceTree = "<group>"; };
		63D7739D2533A90D0070A0A0 /* Base */ = {isa = PBXFileReference; lastKnownFileType = file.storyboard; name = Base; path = Base.lproj/LaunchScreen.storyboard; sourceTree = "<group>"; };
		63E8E06D2530E75900154BF9 /* ContentView.swift */ = {isa = PBXFileReference; lastKnownFileType = sourcecode.swift; path = ContentView.swift; sourceTree = "<group>"; };
/* End PBXFileReference section */

/* Begin PBXFrameworksBuildPhase section */
		3218BACA2501834D001F75FC /* Frameworks */ = {
			isa = PBXFrameworksBuildPhase;
			buildActionMask = 2147483647;
			files = (
				63CE852E2534DED800FCAD94 /* SDWebImageSwiftUI in Frameworks */,
			);
			runOnlyForDeploymentPostprocessing = 0;
		};
		3218BAE025018350001F75FC /* Frameworks */ = {
			isa = PBXFrameworksBuildPhase;
			buildActionMask = 2147483647;
			files = (
			);
			runOnlyForDeploymentPostprocessing = 0;
		};
/* End PBXFrameworksBuildPhase section */

/* Begin PBXGroup section */
		3218BAC42501834D001F75FC = {
			isa = PBXGroup;
			children = (
				3218BACF2501834D001F75FC /* BreakingBad */,
				3218BAE625018350001F75FC /* BreakingBadTests */,
				3218BACE2501834D001F75FC /* Products */,
			);
			sourceTree = "<group>";
		};
		3218BACE2501834D001F75FC /* Products */ = {
			isa = PBXGroup;
			children = (
				3218BACD2501834D001F75FC /* BreakingBad.app */,
				3218BAE325018350001F75FC /* BreakingBadTests.xctest */,
			);
			name = Products;
			sourceTree = "<group>";
		};
		3218BACF2501834D001F75FC /* BreakingBad */ = {
			isa = PBXGroup;
			children = (
				63CE85272534D84600FCAD94 /* Preview */,
				3218BB002501836D001F75FC /* Network */,
				3218BB0125018376001F75FC /* Model */,
				3218BB022501837B001F75FC /* ViewModel */,
				3218BB0325018390001F75FC /* View */,
				63D773842533A5360070A0A0 /* BreakingBadApp.swift */,
				3276E34B2509658E0022412D /* Constants.swift */,
				63D7739C2533A90D0070A0A0 /* LaunchScreen.storyboard */,
				3218BAD925018350001F75FC /* Assets.xcassets */,
				3218BADE25018350001F75FC /* Info.plist */,
			);
			path = BreakingBad;
			sourceTree = "<group>";
		};
		3218BAE625018350001F75FC /* BreakingBadTests */ = {
			isa = PBXGroup;
			children = (
				32C7669B250FDD16001D7277 /* CharacterListViewModelTests.swift */,
				3218BAE725018350001F75FC /* CharacterTests.swift */,
				3218BAE925018350001F75FC /* Info.plist */,
				32C76699250FD6A5001D7277 /* AllCharacters.json */,
			);
			path = BreakingBadTests;
			sourceTree = "<group>";
		};
		3218BB002501836D001F75FC /* Network */ = {
			isa = PBXGroup;
			children = (
				3218BB0A25018500001F75FC /* NetworkManager.swift */,
				3218BB0C25018F9B001F75FC /* Endpoint.swift */,
			);
			path = Network;
			sourceTree = "<group>";
		};
		3218BB0125018376001F75FC /* Model */ = {
			isa = PBXGroup;
			children = (
				3218BB0425018421001F75FC /* Character.swift */,
			);
			path = Model;
			sourceTree = "<group>";
		};
		3218BB022501837B001F75FC /* ViewModel */ = {
			isa = PBXGroup;
			children = (
				3218BB062501842B001F75FC /* CharacterListViewModel.swift */,
			);
			path = ViewModel;
			sourceTree = "<group>";
		};
		3218BB0325018390001F75FC /* View */ = {
			isa = PBXGroup;
			children = (
				63E8E06D2530E75900154BF9 /* ContentView.swift */,
			);
			path = View;
			sourceTree = "<group>";
		};
		63CE85272534D84600FCAD94 /* Preview */ = {
			isa = PBXGroup;
			children = (
				63CE85282534D87900FCAD94 /* PreviewData.swift */,
			);
			path = Preview;
			sourceTree = "<group>";
		};
/* End PBXGroup section */

/* Begin PBXNativeTarget section */
		3218BACC2501834D001F75FC /* BreakingBad */ = {
			isa = PBXNativeTarget;
			buildConfigurationList = 3218BAF725018350001F75FC /* Build configuration list for PBXNativeTarget "BreakingBad" */;
			buildPhases = (
				3218BAC92501834D001F75FC /* Sources */,
				3218BACA2501834D001F75FC /* Frameworks */,
				3218BACB2501834D001F75FC /* Resources */,
				63CE856D253635DB00FCAD94 /* Fix SPM */,
			);
			buildRules = (
			);
			dependencies = (
			);
			name = BreakingBad;
			packageProductDependencies = (
				63CE852D2534DED800FCAD94 /* SDWebImageSwiftUI */,
			);
			productName = BreakingBad;
			productReference = 3218BACD2501834D001F75FC /* BreakingBad.app */;
			productType = "com.apple.product-type.application";
		};
		3218BAE225018350001F75FC /* BreakingBadTests */ = {
			isa = PBXNativeTarget;
			buildConfigurationList = 3218BAFA25018350001F75FC /* Build configuration list for PBXNativeTarget "BreakingBadTests" */;
			buildPhases = (
				3218BADF25018350001F75FC /* Sources */,
				3218BAE025018350001F75FC /* Frameworks */,
				3218BAE125018350001F75FC /* Resources */,
			);
			buildRules = (
			);
			dependencies = (
				3218BAE525018350001F75FC /* PBXTargetDependency */,
			);
			name = BreakingBadTests;
			productName = BreakingBadTests;
			productReference = 3218BAE325018350001F75FC /* BreakingBadTests.xctest */;
			productType = "com.apple.product-type.bundle.unit-test";
		};
/* End PBXNativeTarget section */

/* Begin PBXProject section */
		3218BAC52501834D001F75FC /* Project object */ = {
			isa = PBXProject;
			attributes = {
				LastSwiftUpdateCheck = 1160;
				LastUpgradeCheck = 1200;
				ORGANIZATIONNAME = JQ;
				TargetAttributes = {
					3218BACC2501834D001F75FC = {
						CreatedOnToolsVersion = 11.6;
					};
					3218BAE225018350001F75FC = {
						CreatedOnToolsVersion = 11.6;
						TestTargetID = 3218BACC2501834D001F75FC;
					};
				};
			};
			buildConfigurationList = 3218BAC82501834D001F75FC /* Build configuration list for PBXProject "BreakingBad" */;
			compatibilityVersion = "Xcode 9.3";
			developmentRegion = en;
			hasScannedForEncodings = 0;
			knownRegions = (
				en,
				Base,
			);
			mainGroup = 3218BAC42501834D001F75FC;
			packageReferences = (
				63CE852C2534DED800FCAD94 /* XCRemoteSwiftPackageReference "SDWebImageSwiftUI" */,
			);
			productRefGroup = 3218BACE2501834D001F75FC /* Products */;
			projectDirPath = "";
			projectRoot = "";
			targets = (
				3218BACC2501834D001F75FC /* BreakingBad */,
				3218BAE225018350001F75FC /* BreakingBadTests */,
			);
		};
/* End PBXProject section */

/* Begin PBXResourcesBuildPhase section */
		3218BACB2501834D001F75FC /* Resources */ = {
			isa = PBXResourcesBuildPhase;
			buildActionMask = 2147483647;
			files = (
				3218BADA25018350001F75FC /* Assets.xcassets in Resources */,
				63D7739E2533A90D0070A0A0 /* LaunchScreen.storyboard in Resources */,
			);
			runOnlyForDeploymentPostprocessing = 0;
		};
		3218BAE125018350001F75FC /* Resources */ = {
			isa = PBXResourcesBuildPhase;
			buildActionMask = 2147483647;
			files = (
				32C7669A250FD6A5001D7277 /* AllCharacters.json in Resources */,
			);
			runOnlyForDeploymentPostprocessing = 0;
		};
/* End PBXResourcesBuildPhase section */

/* Begin PBXShellScriptBuildPhase section */
		63CE856D253635DB00FCAD94 /* Fix SPM */ = {
			isa = PBXShellScriptBuildPhase;
			buildActionMask = 2147483647;
			files = (
			);
			inputFileListPaths = (
			);
			inputPaths = (
			);
			name = "Fix SPM";
			outputFileListPaths = (
			);
			outputPaths = (
			);
			runOnlyForDeploymentPostprocessing = 0;
			shellPath = /bin/sh;
			shellScript = "if [ -d \"${SYMROOT}/Release${EFFECTIVE_PLATFORM_NAME}/\" ] && [ \"${SYMROOT}/Release${EFFECTIVE_PLATFORM_NAME}/\" != \"${SYMROOT}/${CONFIGURATION}${EFFECTIVE_PLATFORM_NAME}/\" ] \nthen\n  cp -f -R \"${SYMROOT}/Release${EFFECTIVE_PLATFORM_NAME}/\" \"${SYMROOT}/${CONFIGURATION}${EFFECTIVE_PLATFORM_NAME}/\"\nfi\n";
		};
/* End PBXShellScriptBuildPhase section */

/* Begin PBXSourcesBuildPhase section */
		3218BAC92501834D001F75FC /* Sources */ = {
			isa = PBXSourcesBuildPhase;
			buildActionMask = 2147483647;
			files = (
				63CE85292534D87900FCAD94 /* PreviewData.swift in Sources */,
				3276E34C2509658E0022412D /* Constants.swift in Sources */,
				63E8E06E2530E75900154BF9 /* ContentView.swift in Sources */,
				3218BB0D25018F9B001F75FC /* Endpoint.swift in Sources */,
				3218BB072501842B001F75FC /* CharacterListViewModel.swift in Sources */,
				3218BB0525018421001F75FC /* Character.swift in Sources */,
				63D773852533A5360070A0A0 /* BreakingBadApp.swift in Sources */,
				3218BB0B25018500001F75FC /* NetworkManager.swift in Sources */,
			);
			runOnlyForDeploymentPostprocessing = 0;
		};
		3218BADF25018350001F75FC /* Sources */ = {
			isa = PBXSourcesBuildPhase;
			buildActionMask = 2147483647;
			files = (
				32C7669C250FDD16001D7277 /* CharacterListViewModelTests.swift in Sources */,
				3218BAE825018350001F75FC /* CharacterTests.swift in Sources */,
			);
			runOnlyForDeploymentPostprocessing = 0;
		};
/* End PBXSourcesBuildPhase section */

/* Begin PBXTargetDependency section */
		3218BAE525018350001F75FC /* PBXTargetDependency */ = {
			isa = PBXTargetDependency;
			target = 3218BACC2501834D001F75FC /* BreakingBad */;
			targetProxy = 3218BAE425018350001F75FC /* PBXContainerItemProxy */;
		};
/* End PBXTargetDependency section */

/* Begin PBXVariantGroup section */
		63D7739C2533A90D0070A0A0 /* LaunchScreen.storyboard */ = {
			isa = PBXVariantGroup;
			children = (
				63D7739D2533A90D0070A0A0 /* Base */,
			);
			name = LaunchScreen.storyboard;
			sourceTree = "<group>";
		};
/* End PBXVariantGroup section */

/* Begin XCBuildConfiguration section */
		3218BAF525018350001F75FC /* Debug */ = {
			isa = XCBuildConfiguration;
			buildSettings = {
				ALWAYS_SEARCH_USER_PATHS = NO;
				CLANG_ANALYZER_NONNULL = YES;
				CLANG_ANALYZER_NUMBER_OBJECT_CONVERSION = YES_AGGRESSIVE;
				CLANG_CXX_LANGUAGE_STANDARD = "gnu++14";
				CLANG_CXX_LIBRARY = "libc++";
				CLANG_ENABLE_MODULES = YES;
				CLANG_ENABLE_OBJC_ARC = YES;
				CLANG_ENABLE_OBJC_WEAK = YES;
				CLANG_WARN_BLOCK_CAPTURE_AUTORELEASING = YES;
				CLANG_WARN_BOOL_CONVERSION = YES;
				CLANG_WARN_COMMA = YES;
				CLANG_WARN_CONSTANT_CONVERSION = YES;
				CLANG_WARN_DEPRECATED_OBJC_IMPLEMENTATIONS = YES;
				CLANG_WARN_DIRECT_OBJC_ISA_USAGE = YES_ERROR;
				CLANG_WARN_DOCUMENTATION_COMMENTS = YES;
				CLANG_WARN_EMPTY_BODY = YES;
				CLANG_WARN_ENUM_CONVERSION = YES;
				CLANG_WARN_INFINITE_RECURSION = YES;
				CLANG_WARN_INT_CONVERSION = YES;
				CLANG_WARN_NON_LITERAL_NULL_CONVERSION = YES;
				CLANG_WARN_OBJC_IMPLICIT_RETAIN_SELF = YES;
				CLANG_WARN_OBJC_LITERAL_CONVERSION = YES;
				CLANG_WARN_OBJC_ROOT_CLASS = YES_ERROR;
				CLANG_WARN_QUOTED_INCLUDE_IN_FRAMEWORK_HEADER = YES;
				CLANG_WARN_RANGE_LOOP_ANALYSIS = YES;
				CLANG_WARN_STRICT_PROTOTYPES = YES;
				CLANG_WARN_SUSPICIOUS_MOVE = YES;
				CLANG_WARN_UNGUARDED_AVAILABILITY = YES_AGGRESSIVE;
				CLANG_WARN_UNREACHABLE_CODE = YES;
				CLANG_WARN__DUPLICATE_METHOD_MATCH = YES;
				COPY_PHASE_STRIP = NO;
				DEBUG_INFORMATION_FORMAT = dwarf;
				ENABLE_STRICT_OBJC_MSGSEND = YES;
				ENABLE_TESTABILITY = YES;
				GCC_C_LANGUAGE_STANDARD = gnu11;
				GCC_DYNAMIC_NO_PIC = NO;
				GCC_NO_COMMON_BLOCKS = YES;
				GCC_OPTIMIZATION_LEVEL = 0;
				GCC_PREPROCESSOR_DEFINITIONS = (
					"DEBUG=1",
					"$(inherited)",
				);
				GCC_WARN_64_TO_32_BIT_CONVERSION = YES;
				GCC_WARN_ABOUT_RETURN_TYPE = YES_ERROR;
				GCC_WARN_UNDECLARED_SELECTOR = YES;
				GCC_WARN_UNINITIALIZED_AUTOS = YES_AGGRESSIVE;
				GCC_WARN_UNUSED_FUNCTION = YES;
				GCC_WARN_UNUSED_VARIABLE = YES;
				IPHONEOS_DEPLOYMENT_TARGET = 14.0;
				MTL_ENABLE_DEBUG_INFO = INCLUDE_SOURCE;
				MTL_FAST_MATH = YES;
				ONLY_ACTIVE_ARCH = YES;
				SDKROOT = iphoneos;
				SWIFT_ACTIVE_COMPILATION_CONDITIONS = DEBUG;
				SWIFT_OPTIMIZATION_LEVEL = "-Onone";
			};
			name = Debug;
		};
		3218BAF625018350001F75FC /* Release */ = {
			isa = XCBuildConfiguration;
			buildSettings = {
				ALWAYS_SEARCH_USER_PATHS = NO;
				CLANG_ANALYZER_NONNULL = YES;
				CLANG_ANALYZER_NUMBER_OBJECT_CONVERSION = YES_AGGRESSIVE;
				CLANG_CXX_LANGUAGE_STANDARD = "gnu++14";
				CLANG_CXX_LIBRARY = "libc++";
				CLANG_ENABLE_MODULES = YES;
				CLANG_ENABLE_OBJC_ARC = YES;
				CLANG_ENABLE_OBJC_WEAK = YES;
				CLANG_WARN_BLOCK_CAPTURE_AUTORELEASING = YES;
				CLANG_WARN_BOOL_CONVERSION = YES;
				CLANG_WARN_COMMA = YES;
				CLANG_WARN_CONSTANT_CONVERSION = YES;
				CLANG_WARN_DEPRECATED_OBJC_IMPLEMENTATIONS = YES;
				CLANG_WARN_DIRECT_OBJC_ISA_USAGE = YES_ERROR;
				CLANG_WARN_DOCUMENTATION_COMMENTS = YES;
				CLANG_WARN_EMPTY_BODY = YES;
				CLANG_WARN_ENUM_CONVERSION = YES;
				CLANG_WARN_INFINITE_RECURSION = YES;
				CLANG_WARN_INT_CONVERSION = YES;
				CLANG_WARN_NON_LITERAL_NULL_CONVERSION = YES;
				CLANG_WARN_OBJC_IMPLICIT_RETAIN_SELF = YES;
				CLANG_WARN_OBJC_LITERAL_CONVERSION = YES;
				CLANG_WARN_OBJC_ROOT_CLASS = YES_ERROR;
				CLANG_WARN_QUOTED_INCLUDE_IN_FRAMEWORK_HEADER = YES;
				CLANG_WARN_RANGE_LOOP_ANALYSIS = YES;
				CLANG_WARN_STRICT_PROTOTYPES = YES;
				CLANG_WARN_SUSPICIOUS_MOVE = YES;
				CLANG_WARN_UNGUARDED_AVAILABILITY = YES_AGGRESSIVE;
				CLANG_WARN_UNREACHABLE_CODE = YES;
				CLANG_WARN__DUPLICATE_METHOD_MATCH = YES;
				COPY_PHASE_STRIP = NO;
				DEBUG_INFORMATION_FORMAT = "dwarf-with-dsym";
				ENABLE_NS_ASSERTIONS = NO;
				ENABLE_STRICT_OBJC_MSGSEND = YES;
				GCC_C_LANGUAGE_STANDARD = gnu11;
				GCC_NO_COMMON_BLOCKS = YES;
				GCC_WARN_64_TO_32_BIT_CONVERSION = YES;
				GCC_WARN_ABOUT_RETURN_TYPE = YES_ERROR;
				GCC_WARN_UNDECLARED_SELECTOR = YES;
				GCC_WARN_UNINITIALIZED_AUTOS = YES_AGGRESSIVE;
				GCC_WARN_UNUSED_FUNCTION = YES;
				GCC_WARN_UNUSED_VARIABLE = YES;
				IPHONEOS_DEPLOYMENT_TARGET = 14.0;
				MTL_ENABLE_DEBUG_INFO = NO;
				MTL_FAST_MATH = YES;
				SDKROOT = iphoneos;
				SWIFT_COMPILATION_MODE = wholemodule;
				SWIFT_OPTIMIZATION_LEVEL = "-O";
				VALIDATE_PRODUCT = YES;
			};
			name = Release;
		};
		3218BAF825018350001F75FC /* Debug */ = {
			isa = XCBuildConfiguration;
			buildSettings = {
				ASSETCATALOG_COMPILER_APPICON_NAME = AppIcon;
				CODE_SIGN_STYLE = Automatic;
				INFOPLIST_FILE = BreakingBad/Info.plist;
				IPHONEOS_DEPLOYMENT_TARGET = 14.0;
				LD_RUNPATH_SEARCH_PATHS = (
					"$(inherited)",
					"@executable_path/Frameworks",
				);
				PRODUCT_BUNDLE_IDENTIFIER = com.JQ.BreakingBad;
				PRODUCT_NAME = "$(TARGET_NAME)";
				SWIFT_VERSION = 5.0;
				TARGETED_DEVICE_FAMILY = "1,2";
			};
			name = Debug;
		};
		3218BAF925018350001F75FC /* Release */ = {
			isa = XCBuildConfiguration;
			buildSettings = {
				ASSETCATALOG_COMPILER_APPICON_NAME = AppIcon;
				CODE_SIGN_STYLE = Automatic;
				INFOPLIST_FILE = BreakingBad/Info.plist;
				IPHONEOS_DEPLOYMENT_TARGET = 14.0;
				LD_RUNPATH_SEARCH_PATHS = (
					"$(inherited)",
					"@executable_path/Frameworks",
				);
				PRODUCT_BUNDLE_IDENTIFIER = com.JQ.BreakingBad;
				PRODUCT_NAME = "$(TARGET_NAME)";
				SWIFT_VERSION = 5.0;
				TARGETED_DEVICE_FAMILY = "1,2";
			};
			name = Release;
		};
		3218BAFB25018350001F75FC /* Debug */ = {
			isa = XCBuildConfiguration;
			buildSettings = {
				ALWAYS_EMBED_SWIFT_STANDARD_LIBRARIES = YES;
				BUNDLE_LOADER = "$(TEST_HOST)";
				CODE_SIGN_STYLE = Automatic;
				INFOPLIST_FILE = BreakingBadTests/Info.plist;
				IPHONEOS_DEPLOYMENT_TARGET = 14.0;
				LD_RUNPATH_SEARCH_PATHS = (
					"$(inherited)",
					"@executable_path/Frameworks",
					"@loader_path/Frameworks",
				);
				PRODUCT_BUNDLE_IDENTIFIER = com.JQ.BreakingBadTests;
				PRODUCT_NAME = "$(TARGET_NAME)";
				SWIFT_VERSION = 5.0;
				TARGETED_DEVICE_FAMILY = "1,2";
				TEST_HOST = "$(BUILT_PRODUCTS_DIR)/BreakingBad.app/BreakingBad";
			};
			name = Debug;
		};
		3218BAFC25018350001F75FC /* Release */ = {
			isa = XCBuildConfiguration;
			buildSettings = {
				ALWAYS_EMBED_SWIFT_STANDARD_LIBRARIES = YES;
				BUNDLE_LOADER = "$(TEST_HOST)";
				CODE_SIGN_STYLE = Automatic;
				INFOPLIST_FILE = BreakingBadTests/Info.plist;
				IPHONEOS_DEPLOYMENT_TARGET = 14.0;
				LD_RUNPATH_SEARCH_PATHS = (
					"$(inherited)",
					"@executable_path/Frameworks",
					"@loader_path/Frameworks",
				);
				PRODUCT_BUNDLE_IDENTIFIER = com.JQ.BreakingBadTests;
				PRODUCT_NAME = "$(TARGET_NAME)";
				SWIFT_VERSION = 5.0;
				TARGETED_DEVICE_FAMILY = "1,2";
				TEST_HOST = "$(BUILT_PRODUCTS_DIR)/BreakingBad.app/BreakingBad";
			};
			name = Release;
		};
/* End XCBuildConfiguration section */

/* Begin XCConfigurationList section */
		3218BAC82501834D001F75FC /* Build configuration list for PBXProject "BreakingBad" */ = {
			isa = XCConfigurationList;
			buildConfigurations = (
				3218BAF525018350001F75FC /* Debug */,
				3218BAF625018350001F75FC /* Release */,
			);
			defaultConfigurationIsVisible = 0;
			defaultConfigurationName = Release;
		};
		3218BAF725018350001F75FC /* Build configuration list for PBXNativeTarget "BreakingBad" */ = {
			isa = XCConfigurationList;
			buildConfigurations = (
				3218BAF825018350001F75FC /* Debug */,
				3218BAF925018350001F75FC /* Release */,
			);
			defaultConfigurationIsVisible = 0;
			defaultConfigurationName = Release;
		};
		3218BAFA25018350001F75FC /* Build configuration list for PBXNativeTarget "BreakingBadTests" */ = {
			isa = XCConfigurationList;
			buildConfigurations = (
				3218BAFB25018350001F75FC /* Debug */,
				3218BAFC25018350001F75FC /* Release */,
			);
			defaultConfigurationIsVisible = 0;
			defaultConfigurationName = Release;
		};
/* End XCConfigurationList section */

/* Begin XCRemoteSwiftPackageReference section */
		63CE852C2534DED800FCAD94 /* XCRemoteSwiftPackageReference "SDWebImageSwiftUI" */ = {
			isa = XCRemoteSwiftPackageReference;
			repositoryURL = "https://github.com/SDWebImage/SDWebImageSwiftUI";
			requirement = {
				kind = upToNextMajorVersion;
				minimumVersion = 1.5.0;
			};
		};
/* End XCRemoteSwiftPackageReference section */

/* Begin XCSwiftPackageProductDependency section */
		63CE852D2534DED800FCAD94 /* SDWebImageSwiftUI */ = {
			isa = XCSwiftPackageProductDependency;
			package = 63CE852C2534DED800FCAD94 /* XCRemoteSwiftPackageReference "SDWebImageSwiftUI" */;
			productName = SDWebImageSwiftUI;
		};
/* End XCSwiftPackageProductDependency section */
	};
	rootObject = 3218BAC52501834D001F75FC /* Project object */;
}
